
Microsoft Visual Studio Solution File, Format Version 12.00
# Visual Studio Version 17
VisualStudioVersion = 17.4.33205.214
MinimumVisualStudioVersion = 10.0.40219.1
Project("{FAE04EC0-301F-11D3-BF4B-00C04F79EFBC}") = "ProiectPSSC", "ProiectPSSC\ProiectPSSC.csproj", "{6F183128-831E-44D0-A481-FC070372B2C0}"
EndProject
Global
	GlobalSection(SolutionConfigurationPlatforms) = preSolution
		Debug|Any CPU = Debug|Any CPU
		Release|Any CPU = Release|Any CPU
	EndGlobalSection
	GlobalSection(ProjectConfigurationPlatforms) = postSolution
		{6F183128-831E-44D0-A481-FC070372B2C0}.Debug|Any CPU.ActiveCfg = Debug|Any CPU
		{6F183128-831E-44D0-A481-FC070372B2C0}.Debug|Any CPU.Build.0 = Debug|Any CPU
		{6F183128-831E-44D0-A481-FC070372B2C0}.Release|Any CPU.ActiveCfg = Release|Any CPU
		{6F183128-831E-44D0-A481-FC070372B2C0}.Release|Any CPU.Build.0 = Release|Any CPU
	EndGlobalSection
	GlobalSection(SolutionProperties) = preSolution
		HideSolutionNode = FALSE
	EndGlobalSection
	GlobalSection(ExtensibilityGlobals) = postSolution
		SolutionGuid = {97AADA97-7B98-401C-817E-35E4C76482D0}
	EndGlobalSection
EndGlobal
